{
  "version": 2,
  "dependencies": {
    "net10.0": {
      "ManagedCode.Storage.FileSystem": {
        "type": "Direct",
        "requested": "[10.0.13, )",
        "resolved": "10.0.13",
        "contentHash": "5T1uqOwcuXrJ44ZaNaTIly0hfRvK++cMgbSymhbzH/0eoFOPhFqoUqBteQ/dOK7KlsbqxR8o5M5HeoIw3phW5w==",
        "dependencies": {
          "ManagedCode.Communication": "10.2.6",
          "ManagedCode.MimeTypes": "10.1.1",
          "ManagedCode.Storage.Core": "10.0.13"
        }
      },
      "ZoneTree": {
        "type": "Direct",
        "requested": "[1.9.8, )",
        "resolved": "1.9.8",
        "contentHash": "pCH4glui4AI1oIGFpjOrzr/wf6wBuQpxxOG9hviuQPXTiYGOu/TTFW4T18QBtH0iRbvlyjivHTffqu1fW2lMqg==",
        "dependencies": {
          "K4os.Compression.LZ4": "1.3.8",
          "ZstdSharp.Port": "0.8.8"
        }
      },
      "K4os.Compression.LZ4": {
        "type": "Transitive",
        "resolved": "1.3.8",
        "contentHash": "LhwlPa7c1zs1OV2XadMtAWdImjLIsqFJPoRcIWAadSRn0Ri1DepK65UbWLPmt4riLqx2d40xjXRk0ogpqNtK7g=="
      },
      "ManagedCode.MimeTypes": {
        "type": "Transitive",
        "resolved": "10.1.1",
        "contentHash": "ND6jdRAUsW8WRAZ9pyKn+NRPrYl02NCc2DxUSgeerG/k8K+BZe2kizgWa/SmdvvOcsa/sVuA7DTXo09EJc9tjQ=="
      },
      "ManagedCode.Storage.Core": {
        "type": "Transitive",
        "resolved": "10.0.13",
        "contentHash": "ScF9pfoN6JTHmFZjVFYcncXyDETI+grYP5cwzpYjv4sl4xngsEnHjlubnAhkLeKPYKysdXckkN1N02jztGLMZQ==",
        "dependencies": {
          "ManagedCode.Communication": "10.2.6",
          "ManagedCode.MimeTypes": "10.1.1"
        }
      },
      "Microsoft.Extensions.Caching.Abstractions": {
        "type": "Transitive",
        "resolved": "10.0.12",
        "contentHash": "sI3A6MUAyZwccLnwq0cXuRmC3WBtXieimBWafXSfhRJ4jnM2uGVXrqImDDVyW27u4vVaTOGlJxNJd8d1FGvCNQ==",
        "dependencies": {
          "Microsoft.Extensions.Primitives": "10.0.12"
        }
      },
      "Microsoft.Extensions.Caching.Memory": {
        "type": "Transitive",
        "resolved": "10.0.12",
        "contentHash": "fhC3DHcBcFF4bXvHIxFtXJYNut7q7ZItqNFcgWfrIgmpVImlcEKNHhE7ztpNSPJYMHYYStS5QGND2I5mC26yeA==",
        "dependencies": {
          "Microsoft.Extensions.Caching.Abstractions": "10.0.12",
          "Microsoft.Extensions.DependencyInjection.Abstractions": "10.0.12",
          "Microsoft.Extensions.Logging.Abstractions": "10.0.12",
          "Microsoft.Extensions.Options": "10.0.12",
          "Microsoft.Extensions.Primitives": "10.0.12"
        }
      },
      "Microsoft.Extensions.DependencyInjection": {
        "type": "Transitive",
        "resolved": "10.0.12",
        "contentHash": "lXyK2O5GoYvfxW8eCFcD16JFbcoSTM1sJkAM0UHS1jZyl9NYMW64Tqm6OQFT0IDBjZi+xHt95/Zg+nxZhGFhZg==",
        "dependencies": {
          "Microsoft.Extensions.DependencyInjection.Abstractions": "10.0.12"
        }
      },
      "Microsoft.Extensions.DependencyInjection.Abstractions": {
        "type": "Transitive",
        "resolved": "10.0.12",
        "contentHash": "9/qymSh7hVDMGTGwrLz8MRp5zRyXy9adGDOs4HwRdnLil3oZGYuWeZjbmHgCQ9BL1qBroVfgUK3U/nb61617Cw=="
      },
      "Microsoft.Extensions.Logging": {
        "type": "Transitive",
        "resolved": "10.0.12",
        "contentHash": "6I46fTPfgYkrjRYfRXbho9WOvOelTnNjWuZws/hzGHDASH1LEJeA4VKK9k3wJvido8o7jJSB5WkMTonX7HM1bA==",
        "dependencies": {
          "Microsoft.Extensions.DependencyInjection": "10.0.12",
          "Microsoft.Extensions.Logging.Abstractions": "10.0.12",
          "Microsoft.Extensions.Options": "10.0.12"
        }
      },
      "Microsoft.Extensions.Logging.Abstractions": {
        "type": "Transitive",
        "resolved": "10.0.12",
        "contentHash": "+24lC4plfbEDNfLAdTV/SWKS7dW+16X4HdydO3R++134kSNTzcbYA4KpR1Hdh6uWisB8Za3AzwyOn+K+NxWIug==",
        "dependencies": {
          "Microsoft.Extensions.DependencyInjection.Abstractions": "10.0.12"
        }
      },
      "Microsoft.Extensions.Options": {
        "type": "Transitive",
        "resolved": "10.0.12",
        "contentHash": "TDYD33TSRpXKZWlmTXNlj5kCihxatmv2Ec1u6C+bMYLphCS7PoSLE9Pjd/nunDoE7yETk+LLKjVJX78HYtWjpA==",
        "dependencies": {
          "Microsoft.Extensions.DependencyInjection.Abstractions": "10.0.12",
          "Microsoft.Extensions.Primitives": "10.0.12"
        }
      },
      "Microsoft.Extensions.Primitives": {
        "type": "Transitive",
        "resolved": "10.0.12",
        "contentHash": "dYfCLR52UA+3DL7C4I/pvSaRPkNqxrUAQmbFL2u0zvYKKzqgrFCJl08Df+F1aYc8leu9JvpC9bsURUdpExcBXQ=="
      },
      "System.Threading.RateLimiting": {
        "type": "Transitive",
        "resolved": "10.0.12",
        "contentHash": "Y3f2aLAgynO44Q9xYHR35NC1KuSTcZwo49xjHuq0gQWyOWw8fvipIdoc+1e8FS+9neYZuQ1K4iwl5frNJXekgw=="
      },
      "ZstdSharp.Port": {
        "type": "Transitive",
        "resolved": "0.8.8",
        "contentHash": "UIDFkA5DC3en3tOJ3Mof11yBx9kUQLsaeo/oFdvN6Bbkr9E9+VCqfIadHci8cu+I51K2Sl7XYWVl2R/mA75NBQ=="
      },
      "keyload.abstractions": {
        "type": "Project",
        "dependencies": {
          "ManagedCode.Communication": "[10.2.6, )"
        }
      },
      "ManagedCode.Communication": {
        "type": "CentralTransitive",
        "requested": "[10.2.6, )",
        "resolved": "10.2.6",
        "contentHash": "7vYKDGWeKn6lHMeWhJA3+CX1ik3s4IN+26//HYFhUcW/HXIIQ0kBlwqj2n7faOJ76vEXRcf9bmwXT/PZF6evLA==",
        "dependencies": {
          "Microsoft.Extensions.Caching.Memory": "10.0.12",
          "Microsoft.Extensions.Logging": "10.0.12",
          "Microsoft.Extensions.Logging.Abstractions": "10.0.12",
          "System.Threading.RateLimiting": "10.0.12"
        }
      }
    }
  }
}