{
  "version": 2,
  "dependencies": {
    "net10.0": {
      "Npgsql": {
        "type": "Direct",
        "requested": "[10.0.3, )",
        "resolved": "10.0.3",
        "contentHash": "7nb5YzXuvWWJxB0J8DiyL3we+X4FOctZrt0fIBnucOIaIevFEEwGQVZKtiu9olXdlNAK1eNgqSral6r/jlhI4w=="
      },
      "RabbitMQ.Client": {
        "type": "Direct",
        "requested": "[7.2.2, )",
        "resolved": "7.2.2",
        "contentHash": "k4b6RnTXpLbsF96V93ooNYxgPMnoA2tEm24B6AXNJr1mG8wwNYdA1XJtgU66L5xqeGyveS7SJriRzlX3cbqQNA=="
      },
      "StackExchange.Redis": {
        "type": "Direct",
        "requested": "[2.13.17, )",
        "resolved": "2.13.17",
        "contentHash": "P7o7ZDBAmBrOLQEw8Pt44iIA08ioj48smRxn4Jp6yzCu6P3DOSU6lj7f+IOtN3pPvSgC9YufvM92ycukEEBCYQ==",
        "dependencies": {
          "Pipelines.Sockets.Unofficial": "2.2.16",
          "System.IO.Hashing": "10.0.2"
        }
      },
      "Pipelines.Sockets.Unofficial": {
        "type": "Transitive",
        "resolved": "2.2.16",
        "contentHash": "nonu9l0YrZH6krVYbskBjE7uG0VMAnvOQ9PU+RmzUsy+++vHkqzzCkHRoP877OiA3iRTxJyNDLfpcU8hrJ3/YQ=="
      },
      "System.IO.Hashing": {
        "type": "Transitive",
        "resolved": "10.0.2",
        "contentHash": "AKJknIFi9O3+rGExxTry188JPvUoZAPcCtS2qdqyFhIzsxQ1Ap94BeGDG0VzVEHakhmRxmJtVih6TsHoghIt/g=="
      },
      "keyload.abstractions": {
        "type": "Project",
        "dependencies": {
          "ManagedCode.Communication": "[10.2.6, )"
        }
      },
      "keyload.client": {
        "type": "Project",
        "dependencies": {
          "KeyLoad.Abstractions": "[0.1.0-dev, )"
        }
      },
      "ManagedCode.Communication": {
        "type": "CentralTransitive",
        "requested": "[10.2.6, )",
        "resolved": "10.2.6",
        "contentHash": "7vYKDGWeKn6lHMeWhJA3+CX1ik3s4IN+26//HYFhUcW/HXIIQ0kBlwqj2n7faOJ76vEXRcf9bmwXT/PZF6evLA=="
      }
    }
  }
}